
Microsoft Visual Studio Solution File, Format Version 12.00
# Visual Studio Version 17
VisualStudioVersion = 17.14.36401.2
MinimumVisualStudioVersion = 10.0.40219.1
Project("{FAE04EC0-301F-11D3-BF4B-00C04F79EFBC}") = "Exercicio1", "Exercicio1.csproj", "{834FFD6D-9B0D-46C1-97EE-E53347D89971}"
EndProject
Project("{FAE04EC0-301F-11D3-BF4B-00C04F79EFBC}") = "Exercicio2", "..\Exercicio2\Exercicio2.csproj", "{0C33D58E-A37A-42CC-8B78-ADCEC22B1708}"
EndProject
Project("{FAE04EC0-301F-11D3-BF4B-00C04F79EFBC}") = "Exercicio 3", "..\Exercicio 3\Exercicio 3.csproj", "{0D183253-0538-48DB-91F0-57FA8DAE9590}"
EndProject
Global
	GlobalSection(SolutionConfigurationPlatforms) = preSolution
		Debug|Any CPU = Debug|Any CPU
		Release|Any CPU = Release|Any CPU
	EndGlobalSection
	GlobalSection(ProjectConfigurationPlatforms) = postSolution
		{834FFD6D-9B0D-46C1-97EE-E53347D89971}.Debug|Any CPU.ActiveCfg = Debug|Any CPU
		{834FFD6D-9B0D-46C1-97EE-E53347D89971}.Debug|Any CPU.Build.0 = Debug|Any CPU
		{834FFD6D-9B0D-46C1-97EE-E53347D89971}.Release|Any CPU.ActiveCfg = Release|Any CPU
		{834FFD6D-9B0D-46C1-97EE-E53347D89971}.Release|Any CPU.Build.0 = Release|Any CPU
		{0C33D58E-A37A-42CC-8B78-ADCEC22B1708}.Debug|Any CPU.ActiveCfg = Debug|Any CPU
		{0C33D58E-A37A-42CC-8B78-ADCEC22B1708}.Debug|Any CPU.Build.0 = Debug|Any CPU
		{0C33D58E-A37A-42CC-8B78-ADCEC22B1708}.Release|Any CPU.ActiveCfg = Release|Any CPU
		{0C33D58E-A37A-42CC-8B78-ADCEC22B1708}.Release|Any CPU.Build.0 = Release|Any CPU
		{0D183253-0538-48DB-91F0-57FA8DAE9590}.Debug|Any CPU.ActiveCfg = Debug|Any CPU
		{0D183253-0538-48DB-91F0-57FA8DAE9590}.Debug|Any CPU.Build.0 = Debug|Any CPU
		{0D183253-0538-48DB-91F0-57FA8DAE9590}.Release|Any CPU.ActiveCfg = Release|Any CPU
		{0D183253-0538-48DB-91F0-57FA8DAE9590}.Release|Any CPU.Build.0 = Release|Any CPU
	EndGlobalSection
	GlobalSection(SolutionProperties) = preSolution
		HideSolutionNode = FALSE
	EndGlobalSection
	GlobalSection(ExtensibilityGlobals) = postSolution
		SolutionGuid = {B7ADFF97-4E60-45F3-96C2-DE75ED535628}
	EndGlobalSection
EndGlobal
